Microsoft Visual Studio Solution File, Format Version 12.00
# Visual Studio Version 17
VisualStudioVersion = 17.5.2.0
MinimumVisualStudioVersion = 10.0.40219.1
Project("{FAE04EC0-301F-11D3-BF4B-00C04F79EFBC}") = "E-Commerce  Project", "E-Commerce  Project.csproj", "{AC297136-D417-46D4-2123-A817FD8EB6E2}"
EndProject
Global
	GlobalSection(SolutionConfigurationPlatforms) = preSolution
		Debug|Any CPU = Debug|Any CPU
		Release|Any CPU = Release|Any CPU
	EndGlobalSection
	GlobalSection(ProjectConfigurationPlatforms) = postSolution
		{AC297136-D417-46D4-2123-A817FD8EB6E2}.Debug|Any CPU.ActiveCfg = Debug|Any CPU
		{AC297136-D417-46D4-2123-A817FD8EB6E2}.Debug|Any CPU.Build.0 = Debug|Any CPU
		{AC297136-D417-46D4-2123-A817FD8EB6E2}.Release|Any CPU.ActiveCfg = Release|Any CPU
		{AC297136-D417-46D4-2123-A817FD8EB6E2}.Release|Any CPU.Build.0 = Release|Any CPU
	EndGlobalSection
	GlobalSection(SolutionProperties) = preSolution
		HideSolutionNode = FALSE
	EndGlobalSection
	GlobalSection(ExtensibilityGlobals) = postSolution
		SolutionGuid = {FC8CFE7E-90D2-4C15-80DA-0D1871DDDD69}
	EndGlobalSection
EndGlobal
